{
  "nodes": {
    "flake-utils": {
      "inputs": {
        "systems": "systems"
      },
      "locked": {
        "lastModified": 1731533236,
        "narHash": "sha256-l0KFg5HjrsfsO/JpG+r7fRrqm12kzFHyUHqHCVpMMbI=",
        "owner": "numtide",
        "repo": "flake-utils",
        "rev": "11707dc2f618dd54ca8739b309ec4fc024de578b",
        "type": "github"
      },
      "original": {
        "owner": "numtide",
        "repo": "flake-utils",
        "type": "github"
      }
    },
    "flake-utils_2": {
      "inputs": {
        "systems": "systems_2"
      },
      "locked": {
        "lastModified": 1731533236,
        "narHash": "sha256-l0KFg5HjrsfsO/JpG+r7fRrqm12kzFHyUHqHCVpMMbI=",
        "owner": "numtide",
        "repo": "flake-utils",
        "rev": "11707dc2f618dd54ca8739b309ec4fc024de578b",
        "type": "github"
      },
      "original": {
        "owner": "numtide",
        "repo": "flake-utils",
        "type": "github"
      }
    },
    "flake-utils_3": {
      "inputs": {
        "systems": "systems_3"
      },
      "locked": {
        "lastModified": 1731533236,
        "narHash": "sha256-l0KFg5HjrsfsO/JpG+r7fRrqm12kzFHyUHqHCVpMMbI=",
        "owner": "numtide",
        "repo": "flake-utils",
        "rev": "11707dc2f618dd54ca8739b309ec4fc024de578b",
        "type": "github"
      },
      "original": {
        "owner": "numtide",
        "repo": "flake-utils",
        "type": "github"
      }
    },
    "home-manager": {
      "inputs": {
        "nixpkgs": [
          "nixpkgs"
        ]
      },
      "locked": {
        "lastModified": 1781319724,
        "narHash": "sha256-ZGuxexEMo4Xv28KJ0dX/m/PHN4oZIOnxHZpNTyrvx4M=",
        "owner": "nix-community",
        "repo": "home-manager",
        "rev": "8355f0a16b2dbb06a97959a918af5b239bbe05ae",
        "type": "github"
      },
      "original": {
        "owner": "nix-community",
        "ref": "release-26.05",
        "repo": "home-manager",
        "type": "github"
      }
    },
    "kstars-headless": {
      "inputs": {
        "flake-utils": "flake-utils",
        "nixpkgs": [
          "nixpkgs"
        ]
      },
      "locked": {
        "lastModified": 1778919350,
        "narHash": "sha256-9NwVdyy+usJnD/OPHItOh2umKgO/0geFL+Liwj70ozk=",
        "owner": "alexandre-carmone",
        "repo": "kstars-headless",
        "rev": "51858d0eb31fc8b3b67eb98afaf3a966af281842",
        "type": "github"
      },
      "original": {
        "owner": "alexandre-carmone",
        "repo": "kstars-headless",
        "type": "github"
      }
    },
    "lazyvim": {
      "inputs": {
        "flake-utils": "flake-utils_2",
        "nixpkgs": [
          "nixpkgs"
        ]
      },
      "locked": {
        "lastModified": 1781223826,
        "narHash": "sha256-ezB1SLk4wyBkJZC9NHKn21FsheyVdmFha+FO/6tflO4=",
        "owner": "pfassina",
        "repo": "lazyvim-nix",
        "rev": "d1f9bd2bfff35708dfaf75351bce06580a862f61",
        "type": "github"
      },
      "original": {
        "owner": "pfassina",
        "repo": "lazyvim-nix",
        "type": "github"
      }
    },
    "nixpkgs": {
      "locked": {
        "lastModified": 1781715711,
        "narHash": "sha256-XXaZmOysXCZeCvwuHSYJeo3HvAAtw2LDEggRM7HGPmA=",
        "owner": "NixOS",
        "repo": "nixpkgs",
        "rev": "9c17c87fd89099bb81b527f2f101a07a7827a79b",
        "type": "github"
      },
      "original": {
        "owner": "NixOS",
        "repo": "nixpkgs",
        "rev": "9c17c87fd89099bb81b527f2f101a07a7827a79b",
        "type": "github"
      }
    },
    "nvim-config": {
      "flake": false,
      "locked": {
        "lastModified": 1778001473,
        "narHash": "sha256-TdRSBSPwdvwKiSuuh+uyRoV3BkcI2dgjUhNl5zFVTYk=",
        "owner": "alexandre-carmone",
        "repo": "nvim",
        "rev": "51981cede88f7514c0aa60d8c365552ce382820a",
        "type": "github"
      },
      "original": {
        "owner": "alexandre-carmone",
        "repo": "nvim",
        "type": "github"
      }
    },
    "rekos-web": {
      "inputs": {
        "flake-utils": "flake-utils_3",
        "nixpkgs": [
          "nixpkgs"
        ],
        "rust-overlay": "rust-overlay"
      },
      "locked": {
        "lastModified": 1781713446,
        "narHash": "sha256-y8w2vcjwbpTibCoTZpe/++y6l/xGXTaQFvGfuenhXmU=",
        "owner": "alexandre-carmone",
        "repo": "ekos-web-rust",
        "rev": "e2cfe879a5b42bf92195825db7b52c89668862fe",
        "type": "github"
      },
      "original": {
        "owner": "alexandre-carmone",
        "repo": "ekos-web-rust",
        "type": "github"
      }
    },
    "root": {
      "inputs": {
        "home-manager": "home-manager",
        "kstars-headless": "kstars-headless",
        "lazyvim": "lazyvim",
        "nixpkgs": "nixpkgs",
        "nvim-config": "nvim-config",
        "rekos-web": "rekos-web"
      }
    },
    "rust-overlay": {
      "inputs": {
        "nixpkgs": [
          "rekos-web",
          "nixpkgs"
        ]
      },
      "locked": {
        "lastModified": 1776914043,
        "narHash": "sha256-qug5r56yW1qOsjSI99l3Jm15JNT9CvS2otkXNRNtrPI=",
        "owner": "oxalica",
        "repo": "rust-overlay",
        "rev": "2d35c4358d7de3a0e606a6e8b27925d981c01cc3",
        "type": "github"
      },
      "original": {
        "owner": "oxalica",
        "repo": "rust-overlay",
        "type": "github"
      }
    },
    "systems": {
      "locked": {
        "lastModified": 1681028828,
        "narHash": "sha256-Vy1rq5AaRuLzOxct8nz4T6wlgyUR7zLU309k9mBC768=",
        "owner": "nix-systems",
        "repo": "default",
        "rev": "da67096a3b9bf56a91d16901293e51ba5b49a27e",
        "type": "github"
      },
      "original": {
        "owner": "nix-systems",
        "repo": "default",
        "type": "github"
      }
    },
    "systems_2": {
      "locked": {
        "lastModified": 1681028828,
        "narHash": "sha256-Vy1rq5AaRuLzOxct8nz4T6wlgyUR7zLU309k9mBC768=",
        "owner": "nix-systems",
        "repo": "default",
        "rev": "da67096a3b9bf56a91d16901293e51ba5b49a27e",
        "type": "github"
      },
      "original": {
        "owner": "nix-systems",
        "repo": "default",
        "type": "github"
      }
    },
    "systems_3": {
      "locked": {
        "lastModified": 1681028828,
        "narHash": "sha256-Vy1rq5AaRuLzOxct8nz4T6wlgyUR7zLU309k9mBC768=",
        "owner": "nix-systems",
        "repo": "default",
        "rev": "da67096a3b9bf56a91d16901293e51ba5b49a27e",
        "type": "github"
      },
      "original": {
        "owner": "nix-systems",
        "repo": "default",
        "type": "github"
      }
    }
  },
  "root": "root",
  "version": 7
}
